
Microsoft Visual Studio Solution File, Format Version 12.00
# Visual Studio Version 16
VisualStudioVersion = 16.0.29613.14
MinimumVisualStudioVersion = 10.0.40219.1
Project("{FAE04EC0-301F-11D3-BF4B-00C04F79EFBC}") = "AzureCLI-Extractor", "AzureCLI-Extractor.csproj", "{A73CAD74-F8D6-43E6-9A4C-B87832CDEACE}"
EndProject
Global
	GlobalSection(SolutionConfigurationPlatforms) = preSolution
		Debug|Any CPU = Debug|Any CPU
		Release|Any CPU = Release|Any CPU
	EndGlobalSection
	GlobalSection(ProjectConfigurationPlatforms) = postSolution
		{A73CAD74-F8D6-43E6-9A4C-B87832CDEACE}.Debug|Any CPU.ActiveCfg = Debug|Any CPU
		{A73CAD74-F8D6-43E6-9A4C-B87832CDEACE}.Debug|Any CPU.Build.0 = Debug|Any CPU
		{A73CAD74-F8D6-43E6-9A4C-B87832CDEACE}.Release|Any CPU.ActiveCfg = Release|Any CPU
		{A73CAD74-F8D6-43E6-9A4C-B87832CDEACE}.Release|Any CPU.Build.0 = Release|Any CPU
	EndGlobalSection
	GlobalSection(SolutionProperties) = preSolution
		HideSolutionNode = FALSE
	EndGlobalSection
	GlobalSection(ExtensibilityGlobals) = postSolution
		SolutionGuid = {0311437B-4B86-43A0-AF6A-AD889DD2ED10}
	EndGlobalSection
EndGlobal
